<?xml version="1.0" encoding="utf-8"?>
<Project ToolsVersion="4.0" xmlns="http://schemas.microsoft.com/developer/msbuild/2003">
  <ItemGroup>
    <Filter Include="Source Files">
      <UniqueIdentifier>{4FC737F1-C7A5-4376-A066-2A32D752A2FF}</UniqueIdentifier>
      <Extensions>cpp;c;cc;cxx;c++;cppm;ixx;def;odl;idl;hpj;bat;asm;asmx</Extensions>
    </Filter>
    <Filter Include="Header Files">
      <UniqueIdentifier>{93995380-89BD-4b04-88EB-625FBE52EBFB}</UniqueIdentifier>
      <Extensions>h;hh;hpp;hxx;h++;hm;inl;inc;ipp;xsd</Extensions>
    </Filter>
    <Filter Include="Resource Files">
      <UniqueIdentifier>{67DA6AB6-F800-4c08-8B7A-83BB121AAD01}</UniqueIdentifier>
      <Extensions>rc;ico;cur;bmp;dlg;rc2;rct;bin;rgs;gif;jpg;jpeg;jpe;resx;tiff;tif;png;wav;mfcribbon-ms</Extensions>
    </Filter>
  </ItemGroup>
  <ItemGroup>
    <ClCompile Include="Programme\LoadShader.cpp">
      <Filter>Resource Files</Filter>
    </ClCompile>
    <ClCompile Include="Programme\dreiecksfeld.cpp">
      <Filter>Resource Files</Filter>
    </ClCompile>
    <ClCompile Include="Programme\prak3.cpp">
      <Filter>Resource Files</Filter>
    </ClCompile>
    <ClCompile Include="Programme\prak4.cpp">
      <Filter>Resource Files</Filter>
    </ClCompile>
    <ClCompile Include="Programme\Rad.cpp">
      <Filter>Resource Files</Filter>
    </ClCompile>
    <ClCompile Include="Programme\Rechteck.cpp">
      <Filter>Resource Files</Filter>
    </ClCompile>
    <ClCompile Include="Programme\Rechteck2.cpp">
      <Filter>Resource Files</Filter>
    </ClCompile>
    <ClCompile Include="Programme\Rechtecke.cpp">
      <Filter>Resource Files</Filter>
    </ClCompile>
    <ClCompile Include="Programme\vertexShader.cpp">
      <Filter>Resource Files</Filter>
    </ClCompile>
    <ClCompile Include="Programme\V-Raum_Ansicht.cpp">
      <Filter>Resource Files</Filter>
    </ClCompile>
    <ClCompile Include="Programme\V-Shader.cpp">
      <Filter>Resource Files</Filter>
    </ClCompile>
    <ClCompile Include="Programme\V-Zeichnung-Attribute.cpp">
      <Filter>Resource Files</Filter>
    </ClCompile>
    <ClCompile Include="Programme\V-Zeichnung-Attribute-2.cpp">
      <Filter>Resource Files</Filter>
    </ClCompile>
    <ClCompile Include="Programme\Dreiecke.cpp">
      <Filter>Resource Files</Filter>
    </ClCompile>
    <ClCompile Include="Programme\Wuerfel.cpp">
      <Filter>Resource Files</Filter>
    </ClCompile>
    <ClCompile Include="Programme\Pixel_Puffer.cpp">
      <Filter>Resource Files</Filter>
    </ClCompile>
    <ClCompile Include="Programme\Textur.cpp">
      <Filter>Resource Files</Filter>
    </ClCompile>
    <ClCompile Include="Beleg.cpp">
      <Filter>Resource Files</Filter>
    </ClCompile>
  </ItemGroup>
  <ItemGroup>
    <None Include="Programme\Dreiecke.fs">
      <Filter>Source Files</Filter>
    </None>
    <None Include="Programme\Dreiecke.vs">
      <Filter>Source Files</Filter>
    </None>
    <None Include="Programme\Dreiecksfeld.vs">
      <Filter>Source Files</Filter>
    </None>
    <None Include="Programme\gouraud.fs">
      <Filter>Source Files</Filter>
    </None>
    <None Include="Programme\gouraud.vs">
      <Filter>Source Files</Filter>
    </None>
    <None Include="Programme\V-FragmentShader.fs">
      <Filter>Source Files</Filter>
    </None>
    <None Include="Programme\V-Raum-Ansicht.fs">
      <Filter>Source Files</Filter>
    </None>
    <None Include="Programme\V-Raum-Ansicht.vs">
      <Filter>Source Files</Filter>
    </None>
    <None Include="Programme\V-VertexShader.vs">
      <Filter>Source Files</Filter>
    </None>
    <None Include="Programme\Wuerfel.fs">
      <Filter>Source Files</Filter>
    </None>
    <None Include="Programme\Wuerfel.vs">
      <Filter>Source Files</Filter>
    </None>
    <None Include="Programme\transparenz.fs">
      <Filter>Source Files</Filter>
    </None>
    <None Include="Programme\Textur.fs">
      <Filter>Source Files</Filter>
    </None>
    <None Include="Programme\Textur.vs">
      <Filter>Source Files</Filter>
    </None>
    <None Include="Programme\beleg.vs">
      <Filter>Source Files</Filter>
    </None>
    <None Include="Programme\beleg.fs">
      <Filter>Source Files</Filter>
    </None>
  </ItemGroup>
</Project>